
Microsoft Visual Studio Solution File, Format Version 12.00
# Visual Studio Version 16
VisualStudioVersion = 16.0.29503.13
MinimumVisualStudioVersion = 10.0.40219.1
Project("{F2A71F9B-5D33-465A-A702-920D77279786}") = "CFR In Fsharp", "CFR In Fsharp\CFR In Fsharp.fsproj", "{629FCC36-5D86-4BCE-9508-303715742DD5}"
EndProject
Global
	GlobalSection(SolutionConfigurationPlatforms) = preSolution
		Debug|Any CPU = Debug|Any CPU
		Release|Any CPU = Release|Any CPU
	EndGlobalSection
	GlobalSection(ProjectConfigurationPlatforms) = postSolution
		{629FCC36-5D86-4BCE-9508-303715742DD5}.Debug|Any CPU.ActiveCfg = Debug|Any CPU
		{629FCC36-5D86-4BCE-9508-303715742DD5}.Debug|Any CPU.Build.0 = Debug|Any CPU
		{629FCC36-5D86-4BCE-9508-303715742DD5}.Release|Any CPU.ActiveCfg = Release|Any CPU
		{629FCC36-5D86-4BCE-9508-303715742DD5}.Release|Any CPU.Build.0 = Release|Any CPU
	EndGlobalSection
	GlobalSection(SolutionProperties) = preSolution
		HideSolutionNode = FALSE
	EndGlobalSection
	GlobalSection(ExtensibilityGlobals) = postSolution
		SolutionGuid = {927715A1-653B-4B04-83D1-EF29784E0AF1}
	EndGlobalSection
EndGlobal
